
Microsoft Visual Studio Solution File, Format Version 12.00
# Visual Studio 15
VisualStudioVersion = 15.0.27428.2015
MinimumVisualStudioVersion = 10.0.40219.1
Project("{FAE04EC0-301F-11D3-BF4B-00C04F79EFBC}") = "FoNet.TestConsole", "FoNet.TestConsole\FoNet.TestConsole.csproj", "{6280A896-C645-42DE-8A1C-899964E095F9}"
EndProject
Project("{FAE04EC0-301F-11D3-BF4B-00C04F79EFBC}") = "FoNet.ANN", "FoNet.ANN\FoNet.ANN.csproj", "{32EEC975-C365-4BE8-A986-FBF632973B4F}"
EndProject
Project("{FAE04EC0-301F-11D3-BF4B-00C04F79EFBC}") = "FoNet.MathEngine", "FoNet.MathEngine\FoNet.MathEngine.csproj", "{832D251E-ADEF-4634-8B49-E7FCCD811F5E}"
EndProject
Global
	GlobalSection(SolutionConfigurationPlatforms) = preSolution
		Debug|Any CPU = Debug|Any CPU
		Release|Any CPU = Release|Any CPU
	EndGlobalSection
	GlobalSection(ProjectConfigurationPlatforms) = postSolution
		{6280A896-C645-42DE-8A1C-899964E095F9}.Debug|Any CPU.ActiveCfg = Debug|Any CPU
		{6280A896-C645-42DE-8A1C-899964E095F9}.Debug|Any CPU.Build.0 = Debug|Any CPU
		{6280A896-C645-42DE-8A1C-899964E095F9}.Release|Any CPU.ActiveCfg = Release|Any CPU
		{6280A896-C645-42DE-8A1C-899964E095F9}.Release|Any CPU.Build.0 = Release|Any CPU
		{32EEC975-C365-4BE8-A986-FBF632973B4F}.Debug|Any CPU.ActiveCfg = Debug|Any CPU
		{32EEC975-C365-4BE8-A986-FBF632973B4F}.Debug|Any CPU.Build.0 = Debug|Any CPU
		{32EEC975-C365-4BE8-A986-FBF632973B4F}.Release|Any CPU.ActiveCfg = Release|Any CPU
		{32EEC975-C365-4BE8-A986-FBF632973B4F}.Release|Any CPU.Build.0 = Release|Any CPU
		{832D251E-ADEF-4634-8B49-E7FCCD811F5E}.Debug|Any CPU.ActiveCfg = Debug|Any CPU
		{832D251E-ADEF-4634-8B49-E7FCCD811F5E}.Debug|Any CPU.Build.0 = Debug|Any CPU
		{832D251E-ADEF-4634-8B49-E7FCCD811F5E}.Release|Any CPU.ActiveCfg = Release|Any CPU
		{832D251E-ADEF-4634-8B49-E7FCCD811F5E}.Release|Any CPU.Build.0 = Release|Any CPU
	EndGlobalSection
	GlobalSection(SolutionProperties) = preSolution
		HideSolutionNode = FALSE
	EndGlobalSection
	GlobalSection(ExtensibilityGlobals) = postSolution
		SolutionGuid = {BF805331-7F71-442E-AE65-1211A7399459}
	EndGlobalSection
EndGlobal
